
Microsoft Visual Studio Solution File, Format Version 12.00
# Visual Studio Version 16
VisualStudioVersion = 16.0.31129.286
MinimumVisualStudioVersion = 10.0.40219.1
Project("{FAE04EC0-301F-11D3-BF4B-00C04F79EFBC}") = "MyResume", "MyResume\MyResume.csproj", "{B5961CD1-70E9-4B2A-82A3-B62E675617AA}"
EndProject
Project("{FAE04EC0-301F-11D3-BF4B-00C04F79EFBC}") = "MyResume.OR", "MyResume.OR\MyResume.OR.csproj", "{8A9A1002-6758-486E-BF7C-135212D376CC}"
EndProject
Project("{FAE04EC0-301F-11D3-BF4B-00C04F79EFBC}") = "MyResume.Interface", "MyResume.Interface\MyResume.Interface.csproj", "{A647EBE2-4B8B-493A-B867-C3A89C74E228}"
EndProject
Project("{FAE04EC0-301F-11D3-BF4B-00C04F79EFBC}") = "MyResume.DAO", "MyResume.DAO\MyResume.DAO.csproj", "{74606F22-2322-4850-9C72-96639344DB94}"
EndProject
Project("{FAE04EC0-301F-11D3-BF4B-00C04F79EFBC}") = "MyResume.BO", "MyResume.BO\MyResume.BO.csproj", "{1BA9DC09-AB38-487A-B217-7035F2C9A831}"
EndProject
Global
	GlobalSection(SolutionConfigurationPlatforms) = preSolution
		Debug|Any CPU = Debug|Any CPU
		Release|Any CPU = Release|Any CPU
	EndGlobalSection
	GlobalSection(ProjectConfigurationPlatforms) = postSolution
		{B5961CD1-70E9-4B2A-82A3-B62E675617AA}.Debug|Any CPU.ActiveCfg = Release|Any CPU
		{B5961CD1-70E9-4B2A-82A3-B62E675617AA}.Debug|Any CPU.Build.0 = Release|Any CPU
		{B5961CD1-70E9-4B2A-82A3-B62E675617AA}.Release|Any CPU.ActiveCfg = Release|Any CPU
		{B5961CD1-70E9-4B2A-82A3-B62E675617AA}.Release|Any CPU.Build.0 = Release|Any CPU
		{8A9A1002-6758-486E-BF7C-135212D376CC}.Debug|Any CPU.ActiveCfg = Debug|Any CPU
		{8A9A1002-6758-486E-BF7C-135212D376CC}.Debug|Any CPU.Build.0 = Debug|Any CPU
		{8A9A1002-6758-486E-BF7C-135212D376CC}.Release|Any CPU.ActiveCfg = Release|Any CPU
		{8A9A1002-6758-486E-BF7C-135212D376CC}.Release|Any CPU.Build.0 = Release|Any CPU
		{A647EBE2-4B8B-493A-B867-C3A89C74E228}.Debug|Any CPU.ActiveCfg = Debug|Any CPU
		{A647EBE2-4B8B-493A-B867-C3A89C74E228}.Debug|Any CPU.Build.0 = Debug|Any CPU
		{A647EBE2-4B8B-493A-B867-C3A89C74E228}.Release|Any CPU.ActiveCfg = Release|Any CPU
		{A647EBE2-4B8B-493A-B867-C3A89C74E228}.Release|Any CPU.Build.0 = Release|Any CPU
		{74606F22-2322-4850-9C72-96639344DB94}.Debug|Any CPU.ActiveCfg = Debug|Any CPU
		{74606F22-2322-4850-9C72-96639344DB94}.Debug|Any CPU.Build.0 = Debug|Any CPU
		{74606F22-2322-4850-9C72-96639344DB94}.Release|Any CPU.ActiveCfg = Release|Any CPU
		{74606F22-2322-4850-9C72-96639344DB94}.Release|Any CPU.Build.0 = Release|Any CPU
		{1BA9DC09-AB38-487A-B217-7035F2C9A831}.Debug|Any CPU.ActiveCfg = Debug|Any CPU
		{1BA9DC09-AB38-487A-B217-7035F2C9A831}.Debug|Any CPU.Build.0 = Debug|Any CPU
		{1BA9DC09-AB38-487A-B217-7035F2C9A831}.Release|Any CPU.ActiveCfg = Release|Any CPU
		{1BA9DC09-AB38-487A-B217-7035F2C9A831}.Release|Any CPU.Build.0 = Release|Any CPU
	EndGlobalSection
	GlobalSection(SolutionProperties) = preSolution
		HideSolutionNode = FALSE
	EndGlobalSection
	GlobalSection(ExtensibilityGlobals) = postSolution
		SolutionGuid = {1C11972F-53BD-4524-B99D-7089CA378C68}
	EndGlobalSection
EndGlobal
